
Microsoft Visual Studio Solution File, Format Version 12.00
# Visual Studio 2013
VisualStudioVersion = 12.0.30723.0
MinimumVisualStudioVersion = 10.0.40219.1
Project("{FAE04EC0-301F-11D3-BF4B-00C04F79EFBC}") = "RegexWizard", "RegexWizard\RegexWizard.csproj", "{4927D852-E019-4C80-ABC6-0CEC80F29FCC}"
EndProject
Project("{FAE04EC0-301F-11D3-BF4B-00C04F79EFBC}") = "TestRegexWizard", "TestRegexWizard\TestRegexWizard.csproj", "{BC9EF706-7839-410B-A69A-1BB1FBD3CBAD}"
EndProject
Global
	GlobalSection(SolutionConfigurationPlatforms) = preSolution
		Debug|Any CPU = Debug|Any CPU
		Release|Any CPU = Release|Any CPU
	EndGlobalSection
	GlobalSection(ProjectConfigurationPlatforms) = postSolution
		{4927D852-E019-4C80-ABC6-0CEC80F29FCC}.Debug|Any CPU.ActiveCfg = Debug|Any CPU
		{4927D852-E019-4C80-ABC6-0CEC80F29FCC}.Debug|Any CPU.Build.0 = Debug|Any CPU
		{4927D852-E019-4C80-ABC6-0CEC80F29FCC}.Release|Any CPU.ActiveCfg = Release|Any CPU
		{4927D852-E019-4C80-ABC6-0CEC80F29FCC}.Release|Any CPU.Build.0 = Release|Any CPU
		{BC9EF706-7839-410B-A69A-1BB1FBD3CBAD}.Debug|Any CPU.ActiveCfg = Debug|Any CPU
		{BC9EF706-7839-410B-A69A-1BB1FBD3CBAD}.Debug|Any CPU.Build.0 = Debug|Any CPU
		{BC9EF706-7839-410B-A69A-1BB1FBD3CBAD}.Release|Any CPU.ActiveCfg = Release|Any CPU
		{BC9EF706-7839-410B-A69A-1BB1FBD3CBAD}.Release|Any CPU.Build.0 = Release|Any CPU
	EndGlobalSection
	GlobalSection(SolutionProperties) = preSolution
		HideSolutionNode = FALSE
	EndGlobalSection
EndGlobal
